
Microsoft Visual Studio Solution File, Format Version 11.00
# Visual Studio 2010
Project("{8BC9CEB8-8B4A-11D0-8D11-00A0C91BC942}") = "vld", "vld.vcxproj", "{0D30FFCB-45DA-4D2B-8E3C-81BC145BF2DE}"
EndProject
Project("{8BC9CEB8-8B4A-11D0-8D11-00A0C91BC942}") = "test_basics", "tests\basics\basics.vcxproj", "{0943354A-41E0-4215-878A-8D0FE758052C}"
	ProjectSection(ProjectDependencies) = postProject
		{0D30FFCB-45DA-4D2B-8E3C-81BC145BF2DE} = {0D30FFCB-45DA-4D2B-8E3C-81BC145BF2DE}
	EndProjectSection
EndProject
Project("{2150E333-8FDC-42A3-9474-1A3956D46DE8}") = "Tests", "Tests", "{9F9CFA3A-F154-4069-89E3-19BDC6BD3A7D}"
EndProject
Project("{8BC9CEB8-8B4A-11D0-8D11-00A0C91BC942}") = "testsuite", "tests\suite\testsuite.vcxproj", "{EE4A829C-5FD8-460B-8A90-B518B9BABB70}"
	ProjectSection(ProjectDependencies) = postProject
		{0D30FFCB-45DA-4D2B-8E3C-81BC145BF2DE} = {0D30FFCB-45DA-4D2B-8E3C-81BC145BF2DE}
	EndProjectSection
EndProject
Project("{8BC9CEB8-8B4A-11D0-8D11-00A0C91BC942}") = "dynamic", "tests\dynamic_dll\dynamic.vcxproj", "{3AEA2AAF-3E9B-466F-B361-560B95AD88B4}"
EndProject
Project("{8BC9CEB8-8B4A-11D0-8D11-00A0C91BC942}") = "dynamic_app", "tests\dynamic_app\dynamic_app.vcxproj", "{5C25E1C8-00CB-4E0A-9BEC-952F0A6E5DCA}"
	ProjectSection(ProjectDependencies) = postProject
		{3AEA2AAF-3E9B-466F-B361-560B95AD88B4} = {3AEA2AAF-3E9B-466F-B361-560B95AD88B4}
		{2178E5B2-1032-441F-A664-F3D8D1FD1913} = {2178E5B2-1032-441F-A664-F3D8D1FD1913}
		{0D30FFCB-45DA-4D2B-8E3C-81BC145BF2DE} = {0D30FFCB-45DA-4D2B-8E3C-81BC145BF2DE}
	EndProjectSection
EndProject
Project("{8BC9CEB8-8B4A-11D0-8D11-00A0C91BC942}") = "test_mfc", "tests\mfc_dll\mfc.vcxproj", "{2178E5B2-1032-441F-A664-F3D8D1FD1913}"
EndProject
Project("{8BC9CEB8-8B4A-11D0-8D11-00A0C91BC942}") = "vldmfc", "tests\mfc\vldmfc.vcxproj", "{A231973E-072A-428E-982E-5363ADD1CDE2}"
	ProjectSection(ProjectDependencies) = postProject
		{0D30FFCB-45DA-4D2B-8E3C-81BC145BF2DE} = {0D30FFCB-45DA-4D2B-8E3C-81BC145BF2DE}
	EndProjectSection
EndProject
Project("{8BC9CEB8-8B4A-11D0-8D11-00A0C91BC942}") = "corruption", "tests\corruption\corruption.vcxproj", "{87911ED6-84BC-4526-9654-A4FF4E0EDF52}"
	ProjectSection(ProjectDependencies) = postProject
		{0D30FFCB-45DA-4D2B-8E3C-81BC145BF2DE} = {0D30FFCB-45DA-4D2B-8E3C-81BC145BF2DE}
	EndProjectSection
EndProject
Project("{2150E333-8FDC-42A3-9474-1A3956D46DE8}") = "Dlls", "Dlls", "{281D5ACB-9ED2-496B-B19E-A75F4D4DA111}"
EndProject
Global
	GlobalSection(SolutionConfigurationPlatforms) = preSolution
		Debug_StaticCrt|Win32 = Debug_StaticCrt|Win32
		Debug_StaticCrt|x64 = Debug_StaticCrt|x64
		Debug|Win32 = Debug|Win32
		Debug|x64 = Debug|x64
		DebugRelease_StaticCrt|Win32 = DebugRelease_StaticCrt|Win32
		DebugRelease_StaticCrt|x64 = DebugRelease_StaticCrt|x64
		DebugRelease|Win32 = DebugRelease|Win32
		DebugRelease|x64 = DebugRelease|x64
		Release_StaticCrt|Win32 = Release_StaticCrt|Win32
		Release_StaticCrt|x64 = Release_StaticCrt|x64
		Release|Win32 = Release|Win32
		Release|x64 = Release|x64
	EndGlobalSection
	GlobalSection(ProjectConfigurationPlatforms) = postSolution
		{0D30FFCB-45DA-4D2B-8E3C-81BC145BF2DE}.Debug_StaticCrt|Win32.ActiveCfg = Debug|Win32
		{0D30FFCB-45DA-4D2B-8E3C-81BC145BF2DE}.Debug_StaticCrt|Win32.Build.0 = Debug|Win32
		{0D30FFCB-45DA-4D2B-8E3C-81BC145BF2DE}.Debug_StaticCrt|x64.ActiveCfg = Debug|x64
		{0D30FFCB-45DA-4D2B-8E3C-81BC145BF2DE}.Debug_StaticCrt|x64.Build.0 = Debug|x64
		{0D30FFCB-45DA-4D2B-8E3C-81BC145BF2DE}.Debug|Win32.ActiveCfg = Debug|Win32
		{0D30FFCB-45DA-4D2B-8E3C-81BC145BF2DE}.Debug|Win32.Build.0 = Debug|Win32
		{0D30FFCB-45DA-4D2B-8E3C-81BC145BF2DE}.Debug|x64.ActiveCfg = Debug|x64
		{0D30FFCB-45DA-4D2B-8E3C-81BC145BF2DE}.Debug|x64.Build.0 = Debug|x64
		{0D30FFCB-45DA-4D2B-8E3C-81BC145BF2DE}.DebugRelease_StaticCrt|Win32.ActiveCfg = Release|Win32
		{0D30FFCB-45DA-4D2B-8E3C-81BC145BF2DE}.DebugRelease_StaticCrt|Win32.Build.0 = Release|Win32
		{0D30FFCB-45DA-4D2B-8E3C-81BC145BF2DE}.DebugRelease_StaticCrt|x64.ActiveCfg = Release|x64
		{0D30FFCB-45DA-4D2B-8E3C-81BC145BF2DE}.DebugRelease_StaticCrt|x64.Build.0 = Release|x64
		{0D30FFCB-45DA-4D2B-8E3C-81BC145BF2DE}.DebugRelease|Win32.ActiveCfg = Release|Win32
		{0D30FFCB-45DA-4D2B-8E3C-81BC145BF2DE}.DebugRelease|Win32.Build.0 = Release|Win32
		{0D30FFCB-45DA-4D2B-8E3C-81BC145BF2DE}.DebugRelease|x64.ActiveCfg = Release|x64
		{0D30FFCB-45DA-4D2B-8E3C-81BC145BF2DE}.DebugRelease|x64.Build.0 = Release|x64
		{0D30FFCB-45DA-4D2B-8E3C-81BC145BF2DE}.Release_StaticCrt|Win32.ActiveCfg = Release|Win32
		{0D30FFCB-45DA-4D2B-8E3C-81BC145BF2DE}.Release_StaticCrt|Win32.Build.0 = Release|Win32
		{0D30FFCB-45DA-4D2B-8E3C-81BC145BF2DE}.Release_StaticCrt|x64.ActiveCfg = Release|x64
		{0D30FFCB-45DA-4D2B-8E3C-81BC145BF2DE}.Release_StaticCrt|x64.Build.0 = Release|x64
		{0D30FFCB-45DA-4D2B-8E3C-81BC145BF2DE}.Release|Win32.ActiveCfg = Release|Win32
		{0D30FFCB-45DA-4D2B-8E3C-81BC145BF2DE}.Release|Win32.Build.0 = Release|Win32
		{0D30FFCB-45DA-4D2B-8E3C-81BC145BF2DE}.Release|x64.ActiveCfg = Release|x64
		{0D30FFCB-45DA-4D2B-8E3C-81BC145BF2DE}.Release|x64.Build.0 = Release|x64
		{0943354A-41E0-4215-878A-8D0FE758052C}.Debug_StaticCrt|Win32.ActiveCfg = Debug_StaticCrt|Win32
		{0943354A-41E0-4215-878A-8D0FE758052C}.Debug_StaticCrt|Win32.Build.0 = Debug_StaticCrt|Win32
		{0943354A-41E0-4215-878A-8D0FE758052C}.Debug_StaticCrt|x64.ActiveCfg = Debug_StaticCrt|x64
		{0943354A-41E0-4215-878A-8D0FE758052C}.Debug_StaticCrt|x64.Build.0 = Debug_StaticCrt|x64
		{0943354A-41E0-4215-878A-8D0FE758052C}.Debug|Win32.ActiveCfg = Debug|Win32
		{0943354A-41E0-4215-878A-8D0FE758052C}.Debug|Win32.Build.0 = Debug|Win32
		{0943354A-41E0-4215-878A-8D0FE758052C}.Debug|x64.ActiveCfg = Debug|x64
		{0943354A-41E0-4215-878A-8D0FE758052C}.Debug|x64.Build.0 = Debug|x64
		{0943354A-41E0-4215-878A-8D0FE758052C}.DebugRelease_StaticCrt|Win32.ActiveCfg = Debug(Release)_StaticCrt|Win32
		{0943354A-41E0-4215-878A-8D0FE758052C}.DebugRelease_StaticCrt|Win32.Build.0 = Debug(Release)_StaticCrt|Win32
		{0943354A-41E0-4215-878A-8D0FE758052C}.DebugRelease_StaticCrt|x64.ActiveCfg = Debug(Release)_StaticCrt|x64
		{0943354A-41E0-4215-878A-8D0FE758052C}.DebugRelease_StaticCrt|x64.Build.0 = Debug(Release)_StaticCrt|x64
		{0943354A-41E0-4215-878A-8D0FE758052C}.DebugRelease|Win32.ActiveCfg = Debug(Release)|Win32
		{0943354A-41E0-4215-878A-8D0FE758052C}.DebugRelease|Win32.Build.0 = Debug(Release)|Win32
		{0943354A-41E0-4215-878A-8D0FE758052C}.DebugRelease|x64.ActiveCfg = Debug(Release)|x64
		{0943354A-41E0-4215-878A-8D0FE758052C}.DebugRelease|x64.Build.0 = Debug(Release)|x64
		{0943354A-41E0-4215-878A-8D0FE758052C}.Release_StaticCrt|Win32.ActiveCfg = Release_StaticCrt|Win32
		{0943354A-41E0-4215-878A-8D0FE758052C}.Release_StaticCrt|Win32.Build.0 = Release_StaticCrt|Win32
		{0943354A-41E0-4215-878A-8D0FE758052C}.Release_StaticCrt|x64.ActiveCfg = Release_StaticCrt|x64
		{0943354A-41E0-4215-878A-8D0FE758052C}.Release_StaticCrt|x64.Build.0 = Release_StaticCrt|x64
		{0943354A-41E0-4215-878A-8D0FE758052C}.Release|Win32.ActiveCfg = Release|Win32
		{0943354A-41E0-4215-878A-8D0FE758052C}.Release|Win32.Build.0 = Release|Win32
		{0943354A-41E0-4215-878A-8D0FE758052C}.Release|x64.ActiveCfg = Release|x64
		{0943354A-41E0-4215-878A-8D0FE758052C}.Release|x64.Build.0 = Release|x64
		{EE4A829C-5FD8-460B-8A90-B518B9BABB70}.Debug_StaticCrt|Win32.ActiveCfg = Debug_StaticCrt|Win32
		{EE4A829C-5FD8-460B-8A90-B518B9BABB70}.Debug_StaticCrt|Win32.Build.0 = Debug_StaticCrt|Win32
		{EE4A829C-5FD8-460B-8A90-B518B9BABB70}.Debug_StaticCrt|x64.ActiveCfg = Debug_StaticCrt|x64
		{EE4A829C-5FD8-460B-8A90-B518B9BABB70}.Debug_StaticCrt|x64.Build.0 = Debug_StaticCrt|x64
		{EE4A829C-5FD8-460B-8A90-B518B9BABB70}.Debug|Win32.ActiveCfg = Debug|Win32
		{EE4A829C-5FD8-460B-8A90-B518B9BABB70}.Debug|Win32.Build.0 = Debug|Win32
		{EE4A829C-5FD8-460B-8A90-B518B9BABB70}.Debug|x64.ActiveCfg = Debug|x64
		{EE4A829C-5FD8-460B-8A90-B518B9BABB70}.Debug|x64.Build.0 = Debug|x64
		{EE4A829C-5FD8-460B-8A90-B518B9BABB70}.DebugRelease_StaticCrt|Win32.ActiveCfg = Debug(Release)_StaticCrt|Win32
		{EE4A829C-5FD8-460B-8A90-B518B9BABB70}.DebugRelease_StaticCrt|Win32.Build.0 = Debug(Release)_StaticCrt|Win32
		{EE4A829C-5FD8-460B-8A90-B518B9BABB70}.DebugRelease_StaticCrt|x64.ActiveCfg = Debug(Release)_StaticCrt|x64
		{EE4A829C-5FD8-460B-8A90-B518B9BABB70}.DebugRelease_StaticCrt|x64.Build.0 = Debug(Release)_StaticCrt|x64
		{EE4A829C-5FD8-460B-8A90-B518B9BABB70}.DebugRelease|Win32.ActiveCfg = Debug(Release)|Win32
		{EE4A829C-5FD8-460B-8A90-B518B9BABB70}.DebugRelease|Win32.Build.0 = Debug(Release)|Win32
		{EE4A829C-5FD8-460B-8A90-B518B9BABB70}.DebugRelease|x64.ActiveCfg = Debug(Release)|x64
		{EE4A829C-5FD8-460B-8A90-B518B9BABB70}.DebugRelease|x64.Build.0 = Debug(Release)|x64
		{EE4A829C-5FD8-460B-8A90-B518B9BABB70}.Release_StaticCrt|Win32.ActiveCfg = Release_StaticCrt|Win32
		{EE4A829C-5FD8-460B-8A90-B518B9BABB70}.Release_StaticCrt|Win32.Build.0 = Release_StaticCrt|Win32
		{EE4A829C-5FD8-460B-8A90-B518B9BABB70}.Release_StaticCrt|x64.ActiveCfg = Release_StaticCrt|x64
		{EE4A829C-5FD8-460B-8A90-B518B9BABB70}.Release_StaticCrt|x64.Build.0 = Release_StaticCrt|x64
		{EE4A829C-5FD8-460B-8A90-B518B9BABB70}.Release|Win32.ActiveCfg = Release|Win32
		{EE4A829C-5FD8-460B-8A90-B518B9BABB70}.Release|Win32.Build.0 = Release|Win32
		{EE4A829C-5FD8-460B-8A90-B518B9BABB70}.Release|x64.ActiveCfg = Release|x64
		{EE4A829C-5FD8-460B-8A90-B518B9BABB70}.Release|x64.Build.0 = Release|x64
		{3AEA2AAF-3E9B-466F-B361-560B95AD88B4}.Debug_StaticCrt|Win32.ActiveCfg = Debug_StaticCrt|Win32
		{3AEA2AAF-3E9B-466F-B361-560B95AD88B4}.Debug_StaticCrt|Win32.Build.0 = Debug_StaticCrt|Win32
		{3AEA2AAF-3E9B-466F-B361-560B95AD88B4}.Debug_StaticCrt|x64.ActiveCfg = Debug_StaticCrt|x64
		{3AEA2AAF-3E9B-466F-B361-560B95AD88B4}.Debug_StaticCrt|x64.Build.0 = Debug_StaticCrt|x64
		{3AEA2AAF-3E9B-466F-B361-560B95AD88B4}.Debug|Win32.ActiveCfg = Debug|Win32
		{3AEA2AAF-3E9B-466F-B361-560B95AD88B4}.Debug|Win32.Build.0 = Debug|Win32
		{3AEA2AAF-3E9B-466F-B361-560B95AD88B4}.Debug|x64.ActiveCfg = Debug|x64
		{3AEA2AAF-3E9B-466F-B361-560B95AD88B4}.Debug|x64.Build.0 = Debug|x64
		{3AEA2AAF-3E9B-466F-B361-560B95AD88B4}.DebugRelease_StaticCrt|Win32.ActiveCfg = Debug(Release)_StaticCrt|Win32
		{3AEA2AAF-3E9B-466F-B361-560B95AD88B4}.DebugRelease_StaticCrt|Win32.Build.0 = Debug(Release)_StaticCrt|Win32
		{3AEA2AAF-3E9B-466F-B361-560B95AD88B4}.DebugRelease_StaticCrt|x64.ActiveCfg = Debug(Release)_StaticCrt|x64
		{3AEA2AAF-3E9B-466F-B361-560B95AD88B4}.DebugRelease_StaticCrt|x64.Build.0 = Debug(Release)_StaticCrt|x64
		{3AEA2AAF-3E9B-466F-B361-560B95AD88B4}.DebugRelease|Win32.ActiveCfg = Debug(Release)|Win32
		{3AEA2AAF-3E9B-466F-B361-560B95AD88B4}.DebugRelease|Win32.Build.0 = Debug(Release)|Win32
		{3AEA2AAF-3E9B-466F-B361-560B95AD88B4}.DebugRelease|x64.ActiveCfg = Debug(Release)|x64
		{3AEA2AAF-3E9B-466F-B361-560B95AD88B4}.DebugRelease|x64.Build.0 = Debug(Release)|x64
		{3AEA2AAF-3E9B-466F-B361-560B95AD88B4}.Release_StaticCrt|Win32.ActiveCfg = Release_StaticCrt|Win32
		{3AEA2AAF-3E9B-466F-B361-560B95AD88B4}.Release_StaticCrt|Win32.Build.0 = Release_StaticCrt|Win32
		{3AEA2AAF-3E9B-466F-B361-560B95AD88B4}.Release_StaticCrt|x64.ActiveCfg = Release_StaticCrt|x64
		{3AEA2AAF-3E9B-466F-B361-560B95AD88B4}.Release_StaticCrt|x64.Build.0 = Release_StaticCrt|x64
		{3AEA2AAF-3E9B-466F-B361-560B95AD88B4}.Release|Win32.ActiveCfg = Release|Win32
		{3AEA2AAF-3E9B-466F-B361-560B95AD88B4}.Release|Win32.Build.0 = Release|Win32
		{3AEA2AAF-3E9B-466F-B361-560B95AD88B4}.Release|x64.ActiveCfg = Release|x64
		{3AEA2AAF-3E9B-466F-B361-560B95AD88B4}.Release|x64.Build.0 = Release|x64
		{5C25E1C8-00CB-4E0A-9BEC-952F0A6E5DCA}.Debug_StaticCrt|Win32.ActiveCfg = Debug_StaticCrt|Win32
		{5C25E1C8-00CB-4E0A-9BEC-952F0A6E5DCA}.Debug_StaticCrt|Win32.Build.0 = Debug_StaticCrt|Win32
		{5C25E1C8-00CB-4E0A-9BEC-952F0A6E5DCA}.Debug_StaticCrt|x64.ActiveCfg = Debug_StaticCrt|x64
		{5C25E1C8-00CB-4E0A-9BEC-952F0A6E5DCA}.Debug_StaticCrt|x64.Build.0 = Debug_StaticCrt|x64
		{5C25E1C8-00CB-4E0A-9BEC-952F0A6E5DCA}.Debug|Win32.ActiveCfg = Debug|Win32
		{5C25E1C8-00CB-4E0A-9BEC-952F0A6E5DCA}.Debug|Win32.Build.0 = Debug|Win32
		{5C25E1C8-00CB-4E0A-9BEC-952F0A6E5DCA}.Debug|x64.ActiveCfg = Debug|x64
		{5C25E1C8-00CB-4E0A-9BEC-952F0A6E5DCA}.Debug|x64.Build.0 = Debug|x64
		{5C25E1C8-00CB-4E0A-9BEC-952F0A6E5DCA}.DebugRelease_StaticCrt|Win32.ActiveCfg = Debug(Release)_StaticCrt|Win32
		{5C25E1C8-00CB-4E0A-9BEC-952F0A6E5DCA}.DebugRelease_StaticCrt|Win32.Build.0 = Debug(Release)_StaticCrt|Win32
		{5C25E1C8-00CB-4E0A-9BEC-952F0A6E5DCA}.DebugRelease_StaticCrt|x64.ActiveCfg = Debug(Release)_StaticCrt|x64
		{5C25E1C8-00CB-4E0A-9BEC-952F0A6E5DCA}.DebugRelease_StaticCrt|x64.Build.0 = Debug(Release)_StaticCrt|x64
		{5C25E1C8-00CB-4E0A-9BEC-952F0A6E5DCA}.DebugRelease|Win32.ActiveCfg = Debug(Release)|Win32
		{5C25E1C8-00CB-4E0A-9BEC-952F0A6E5DCA}.DebugRelease|Win32.Build.0 = Debug(Release)|Win32
		{5C25E1C8-00CB-4E0A-9BEC-952F0A6E5DCA}.DebugRelease|x64.ActiveCfg = Debug(Release)|x64
		{5C25E1C8-00CB-4E0A-9BEC-952F0A6E5DCA}.DebugRelease|x64.Build.0 = Debug(Release)|x64
		{5C25E1C8-00CB-4E0A-9BEC-952F0A6E5DCA}.Release_StaticCrt|Win32.ActiveCfg = Release_StaticCrt|Win32
		{5C25E1C8-00CB-4E0A-9BEC-952F0A6E5DCA}.Release_StaticCrt|Win32.Build.0 = Release_StaticCrt|Win32
		{5C25E1C8-00CB-4E0A-9BEC-952F0A6E5DCA}.Release_StaticCrt|x64.ActiveCfg = Release_StaticCrt|x64
		{5C25E1C8-00CB-4E0A-9BEC-952F0A6E5DCA}.Release_StaticCrt|x64.Build.0 = Release_StaticCrt|x64
		{5C25E1C8-00CB-4E0A-9BEC-952F0A6E5DCA}.Release|Win32.ActiveCfg = Release|Win32
		{5C25E1C8-00CB-4E0A-9BEC-952F0A6E5DCA}.Release|Win32.Build.0 = Release|Win32
		{5C25E1C8-00CB-4E0A-9BEC-952F0A6E5DCA}.Release|x64.ActiveCfg = Release|x64
		{5C25E1C8-00CB-4E0A-9BEC-952F0A6E5DCA}.Release|x64.Build.0 = Release|x64
		{2178E5B2-1032-441F-A664-F3D8D1FD1913}.Debug_StaticCrt|Win32.ActiveCfg = Debug_StaticCrt|Win32
		{2178E5B2-1032-441F-A664-F3D8D1FD1913}.Debug_StaticCrt|Win32.Build.0 = Debug_StaticCrt|Win32
		{2178E5B2-1032-441F-A664-F3D8D1FD1913}.Debug_StaticCrt|x64.ActiveCfg = Debug_StaticCrt|x64
		{2178E5B2-1032-441F-A664-F3D8D1FD1913}.Debug_StaticCrt|x64.Build.0 = Debug_StaticCrt|x64
		{2178E5B2-1032-441F-A664-F3D8D1FD1913}.Debug|Win32.ActiveCfg = Debug|Win32
		{2178E5B2-1032-441F-A664-F3D8D1FD1913}.Debug|Win32.Build.0 = Debug|Win32
		{2178E5B2-1032-441F-A664-F3D8D1FD1913}.Debug|x64.ActiveCfg = Debug|x64
		{2178E5B2-1032-441F-A664-F3D8D1FD1913}.Debug|x64.Build.0 = Debug|x64
		{2178E5B2-1032-441F-A664-F3D8D1FD1913}.DebugRelease_StaticCrt|Win32.ActiveCfg = Debug(Release)_StaticCrt|Win32
		{2178E5B2-1032-441F-A664-F3D8D1FD1913}.DebugRelease_StaticCrt|Win32.Build.0 = Debug(Release)_StaticCrt|Win32
		{2178E5B2-1032-441F-A664-F3D8D1FD1913}.DebugRelease_StaticCrt|x64.ActiveCfg = Debug(Release)_StaticCrt|x64
		{2178E5B2-1032-441F-A664-F3D8D1FD1913}.DebugRelease_StaticCrt|x64.Build.0 = Debug(Release)_StaticCrt|x64
		{2178E5B2-1032-441F-A664-F3D8D1FD1913}.DebugRelease|Win32.ActiveCfg = Debug(Release)|Win32
		{2178E5B2-1032-441F-A664-F3D8D1FD1913}.DebugRelease|Win32.Build.0 = Debug(Release)|Win32
		{2178E5B2-1032-441F-A664-F3D8D1FD1913}.DebugRelease|x64.ActiveCfg = Debug(Release)|x64
		{2178E5B2-1032-441F-A664-F3D8D1FD1913}.DebugRelease|x64.Build.0 = Debug(Release)|x64
		{2178E5B2-1032-441F-A664-F3D8D1FD1913}.Release_StaticCrt|Win32.ActiveCfg = Release_StaticCrt|Win32
		{2178E5B2-1032-441F-A664-F3D8D1FD1913}.Release_StaticCrt|Win32.Build.0 = Release_StaticCrt|Win32
		{2178E5B2-1032-441F-A664-F3D8D1FD1913}.Release_StaticCrt|x64.ActiveCfg = Release_StaticCrt|x64
		{2178E5B2-1032-441F-A664-F3D8D1FD1913}.Release_StaticCrt|x64.Build.0 = Release_StaticCrt|x64
		{2178E5B2-1032-441F-A664-F3D8D1FD1913}.Release|Win32.ActiveCfg = Release|Win32
		{2178E5B2-1032-441F-A664-F3D8D1FD1913}.Release|Win32.Build.0 = Release|Win32
		{2178E5B2-1032-441F-A664-F3D8D1FD1913}.Release|x64.ActiveCfg = Release|x64
		{2178E5B2-1032-441F-A664-F3D8D1FD1913}.Release|x64.Build.0 = Release|x64
		{A231973E-072A-428E-982E-5363ADD1CDE2}.Debug_StaticCrt|Win32.ActiveCfg = Debug_StaticCrt|Win32
		{A231973E-072A-428E-982E-5363ADD1CDE2}.Debug_StaticCrt|Win32.Build.0 = Debug_StaticCrt|Win32
		{A231973E-072A-428E-982E-5363ADD1CDE2}.Debug_StaticCrt|x64.ActiveCfg = Debug_StaticCrt|x64
		{A231973E-072A-428E-982E-5363ADD1CDE2}.Debug_StaticCrt|x64.Build.0 = Debug_StaticCrt|x64
		{A231973E-072A-428E-982E-5363ADD1CDE2}.Debug|Win32.ActiveCfg = Debug|Win32
		{A231973E-072A-428E-982E-5363ADD1CDE2}.Debug|Win32.Build.0 = Debug|Win32
		{A231973E-072A-428E-982E-5363ADD1CDE2}.Debug|x64.ActiveCfg = Debug|x64
		{A231973E-072A-428E-982E-5363ADD1CDE2}.Debug|x64.Build.0 = Debug|x64
		{A231973E-072A-428E-982E-5363ADD1CDE2}.DebugRelease_StaticCrt|Win32.ActiveCfg = Release_StaticCrt|Win32
		{A231973E-072A-428E-982E-5363ADD1CDE2}.DebugRelease_StaticCrt|Win32.Build.0 = Release_StaticCrt|Win32
		{A231973E-072A-428E-982E-5363ADD1CDE2}.DebugRelease_StaticCrt|x64.ActiveCfg = Release_StaticCrt|x64
		{A231973E-072A-428E-982E-5363ADD1CDE2}.DebugRelease_StaticCrt|x64.Build.0 = Release_StaticCrt|x64
		{A231973E-072A-428E-982E-5363ADD1CDE2}.DebugRelease|Win32.ActiveCfg = Release|Win32
		{A231973E-072A-428E-982E-5363ADD1CDE2}.DebugRelease|Win32.Build.0 = Release|Win32
		{A231973E-072A-428E-982E-5363ADD1CDE2}.DebugRelease|x64.ActiveCfg = Release|x64
		{A231973E-072A-428E-982E-5363ADD1CDE2}.DebugRelease|x64.Build.0 = Release|x64
		{A231973E-072A-428E-982E-5363ADD1CDE2}.Release_StaticCrt|Win32.ActiveCfg = Release_StaticCrt|Win32
		{A231973E-072A-428E-982E-5363ADD1CDE2}.Release_StaticCrt|Win32.Build.0 = Release_StaticCrt|Win32
		{A231973E-072A-428E-982E-5363ADD1CDE2}.Release_StaticCrt|x64.ActiveCfg = Release_StaticCrt|x64
		{A231973E-072A-428E-982E-5363ADD1CDE2}.Release_StaticCrt|x64.Build.0 = Release_StaticCrt|x64
		{A231973E-072A-428E-982E-5363ADD1CDE2}.Release|Win32.ActiveCfg = Release|Win32
		{A231973E-072A-428E-982E-5363ADD1CDE2}.Release|Win32.Build.0 = Release|Win32
		{A231973E-072A-428E-982E-5363ADD1CDE2}.Release|x64.ActiveCfg = Release|x64
		{A231973E-072A-428E-982E-5363ADD1CDE2}.Release|x64.Build.0 = Release|x64
		{87911ED6-84BC-4526-9654-A4FF4E0EDF52}.Debug_StaticCrt|Win32.ActiveCfg = Debug_StaticCrt|Win32
		{87911ED6-84BC-4526-9654-A4FF4E0EDF52}.Debug_StaticCrt|Win32.Build.0 = Debug_StaticCrt|Win32
		{87911ED6-84BC-4526-9654-A4FF4E0EDF52}.Debug_StaticCrt|x64.ActiveCfg = Debug_StaticCrt|x64
		{87911ED6-84BC-4526-9654-A4FF4E0EDF52}.Debug_StaticCrt|x64.Build.0 = Debug_StaticCrt|x64
		{87911ED6-84BC-4526-9654-A4FF4E0EDF52}.Debug|Win32.ActiveCfg = Debug|Win32
		{87911ED6-84BC-4526-9654-A4FF4E0EDF52}.Debug|Win32.Build.0 = Debug|Win32
		{87911ED6-84BC-4526-9654-A4FF4E0EDF52}.Debug|x64.ActiveCfg = Debug|x64
		{87911ED6-84BC-4526-9654-A4FF4E0EDF52}.Debug|x64.Build.0 = Debug|x64
		{87911ED6-84BC-4526-9654-A4FF4E0EDF52}.DebugRelease_StaticCrt|Win32.ActiveCfg = Release_StaticCrt|Win32
		{87911ED6-84BC-4526-9654-A4FF4E0EDF52}.DebugRelease_StaticCrt|Win32.Build.0 = Release_StaticCrt|Win32
		{87911ED6-84BC-4526-9654-A4FF4E0EDF52}.DebugRelease_StaticCrt|x64.ActiveCfg = Release_StaticCrt|x64
		{87911ED6-84BC-4526-9654-A4FF4E0EDF52}.DebugRelease_StaticCrt|x64.Build.0 = Release_StaticCrt|x64
		{87911ED6-84BC-4526-9654-A4FF4E0EDF52}.DebugRelease|Win32.ActiveCfg = Release|Win32
		{87911ED6-84BC-4526-9654-A4FF4E0EDF52}.DebugRelease|Win32.Build.0 = Release|Win32
		{87911ED6-84BC-4526-9654-A4FF4E0EDF52}.DebugRelease|x64.ActiveCfg = Release|x64
		{87911ED6-84BC-4526-9654-A4FF4E0EDF52}.DebugRelease|x64.Build.0 = Release|x64
		{87911ED6-84BC-4526-9654-A4FF4E0EDF52}.Release_StaticCrt|Win32.ActiveCfg = Release_StaticCrt|Win32
		{87911ED6-84BC-4526-9654-A4FF4E0EDF52}.Release_StaticCrt|Win32.Build.0 = Release_StaticCrt|Win32
		{87911ED6-84BC-4526-9654-A4FF4E0EDF52}.Release_StaticCrt|x64.ActiveCfg = Release_StaticCrt|x64
		{87911ED6-84BC-4526-9654-A4FF4E0EDF52}.Release_StaticCrt|x64.Build.0 = Release_StaticCrt|x64
		{87911ED6-84BC-4526-9654-A4FF4E0EDF52}.Release|Win32.ActiveCfg = Release|Win32
		{87911ED6-84BC-4526-9654-A4FF4E0EDF52}.Release|Win32.Build.0 = Release|Win32
		{87911ED6-84BC-4526-9654-A4FF4E0EDF52}.Release|x64.ActiveCfg = Release|x64
		{87911ED6-84BC-4526-9654-A4FF4E0EDF52}.Release|x64.Build.0 = Release|x64
	EndGlobalSection
	GlobalSection(SolutionProperties) = preSolution
		HideSolutionNode = FALSE
	EndGlobalSection
	GlobalSection(NestedProjects) = preSolution
		{0943354A-41E0-4215-878A-8D0FE758052C} = {9F9CFA3A-F154-4069-89E3-19BDC6BD3A7D}
		{EE4A829C-5FD8-460B-8A90-B518B9BABB70} = {9F9CFA3A-F154-4069-89E3-19BDC6BD3A7D}
		{281D5ACB-9ED2-496B-B19E-A75F4D4DA111} = {9F9CFA3A-F154-4069-89E3-19BDC6BD3A7D}
		{5C25E1C8-00CB-4E0A-9BEC-952F0A6E5DCA} = {9F9CFA3A-F154-4069-89E3-19BDC6BD3A7D}
		{A231973E-072A-428E-982E-5363ADD1CDE2} = {9F9CFA3A-F154-4069-89E3-19BDC6BD3A7D}
		{87911ED6-84BC-4526-9654-A4FF4E0EDF52} = {9F9CFA3A-F154-4069-89E3-19BDC6BD3A7D}
		{2178E5B2-1032-441F-A664-F3D8D1FD1913} = {281D5ACB-9ED2-496B-B19E-A75F4D4DA111}
		{3AEA2AAF-3E9B-466F-B361-560B95AD88B4} = {281D5ACB-9ED2-496B-B19E-A75F4D4DA111}
	EndGlobalSection
EndGlobal
