
Microsoft Visual Studio Solution File, Format Version 12.00
# Visual Studio 15
VisualStudioVersion = 15.0.28307.902
MinimumVisualStudioVersion = 10.0.40219.1
Project("{8BC9CEB8-8B4A-11D0-8D11-00A0C91BC942}") = "CppBaseTest", "CppBaseTest\CppBaseTest.vcxproj", "{2C8891F8-B071-4230-BA86-BCF64E1DA1B7}"
	ProjectSection(ProjectDependencies) = postProject
		{24D2C797-868A-4F25-A629-F7F84ED020F6} = {24D2C797-868A-4F25-A629-F7F84ED020F6}
	EndProjectSection
EndProject
Project("{8BC9CEB8-8B4A-11D0-8D11-00A0C91BC942}") = "DesignPatternsTest", "DesignPatternsTest\DesignPatternsTest.vcxproj", "{3CEADC4C-6E81-435E-8F4C-D30E05C90D85}"
EndProject
Project("{8BC9CEB8-8B4A-11D0-8D11-00A0C91BC942}") = "DrMemoryTest", "DrMemoryTest\DrMemoryTest.vcxproj", "{A26D5F01-995A-4D51-BA6D-29A265125D0C}"
EndProject
Project("{8BC9CEB8-8B4A-11D0-8D11-00A0C91BC942}") = "gtest", "gtest\gtest.vcxproj", "{164300F1-0BA0-44E9-A0D1-D3684BA61DA0}"
EndProject
Project("{8BC9CEB8-8B4A-11D0-8D11-00A0C91BC942}") = "gtest_Test", "gtest_Test\gtest_Test.vcxproj", "{A7CCA5DC-C34C-4574-BAF3-BCC2DEF867BA}"
EndProject
Project("{8BC9CEB8-8B4A-11D0-8D11-00A0C91BC942}") = "Json11_Test", "Json11_Test\Json11_Test.vcxproj", "{860F4BA1-27C0-4F6E-AA2B-6126837F9681}"
EndProject
Project("{8BC9CEB8-8B4A-11D0-8D11-00A0C91BC942}") = "MemoryLeaksTest", "MemoryLeaksTest\MemoryLeaksTest.vcxproj", "{EABE5E80-A35F-4D1B-A707-F09BF2727B24}"
EndProject
Project("{8BC9CEB8-8B4A-11D0-8D11-00A0C91BC942}") = "miniz_Test", "miniz_Test\miniz_Test.vcxproj", "{71D081C7-4344-4579-8E36-C38E382EAADC}"
EndProject
Project("{8BC9CEB8-8B4A-11D0-8D11-00A0C91BC942}") = "VLDtest", "VLDtest\VLDtest.vcxproj", "{A848C72E-3109-47F7-951F-95E11C2A2D15}"
EndProject
Project("{8BC9CEB8-8B4A-11D0-8D11-00A0C91BC942}") = "spdlog_Test", "spdlog_Test\spdlog_Test.vcxproj", "{29C97A82-2B59-4B8C-8E9E-855651D9E053}"
EndProject
Project("{8BC9CEB8-8B4A-11D0-8D11-00A0C91BC942}") = "Library", "Library\Library.vcxproj", "{24D2C797-868A-4F25-A629-F7F84ED020F6}"
EndProject
Project("{8BC9CEB8-8B4A-11D0-8D11-00A0C91BC942}") = "cJSON_Test", "cJSON_Test\cJSON_Test.vcxproj", "{3F7A0690-AB7B-489D-A96C-A441E9DF465E}"
EndProject
Project("{8BC9CEB8-8B4A-11D0-8D11-00A0C91BC942}") = "Messy_Test", "Messy_Test\Messy_Test.vcxproj", "{B72A7CBA-05B9-41B3-9431-C295587F52B2}"
EndProject
Project("{8BC9CEB8-8B4A-11D0-8D11-00A0C91BC942}") = "libyaml-cpp", "libyaml-cpp\libyaml-cpp.vcxproj", "{D951FCA4-29F9-4093-9A66-910C422DADD3}"
EndProject
Project("{8BC9CEB8-8B4A-11D0-8D11-00A0C91BC942}") = "jemalloc", "jemalloc\jemalloc.vcxproj", "{8D6BB292-9E1C-413D-9F98-4864BDC1514A}"
EndProject
Global
	GlobalSection(SolutionConfigurationPlatforms) = preSolution
		Debug|x64 = Debug|x64
		Release|x64 = Release|x64
	EndGlobalSection
	GlobalSection(ProjectConfigurationPlatforms) = postSolution
		{2C8891F8-B071-4230-BA86-BCF64E1DA1B7}.Debug|x64.ActiveCfg = Debug|x64
		{2C8891F8-B071-4230-BA86-BCF64E1DA1B7}.Debug|x64.Build.0 = Debug|x64
		{2C8891F8-B071-4230-BA86-BCF64E1DA1B7}.Release|x64.ActiveCfg = Release|x64
		{2C8891F8-B071-4230-BA86-BCF64E1DA1B7}.Release|x64.Build.0 = Release|x64
		{3CEADC4C-6E81-435E-8F4C-D30E05C90D85}.Debug|x64.ActiveCfg = Debug|x64
		{3CEADC4C-6E81-435E-8F4C-D30E05C90D85}.Debug|x64.Build.0 = Debug|x64
		{3CEADC4C-6E81-435E-8F4C-D30E05C90D85}.Release|x64.ActiveCfg = Release|x64
		{3CEADC4C-6E81-435E-8F4C-D30E05C90D85}.Release|x64.Build.0 = Release|x64
		{A26D5F01-995A-4D51-BA6D-29A265125D0C}.Debug|x64.ActiveCfg = Debug|x64
		{A26D5F01-995A-4D51-BA6D-29A265125D0C}.Debug|x64.Build.0 = Debug|x64
		{A26D5F01-995A-4D51-BA6D-29A265125D0C}.Release|x64.ActiveCfg = Release|x64
		{A26D5F01-995A-4D51-BA6D-29A265125D0C}.Release|x64.Build.0 = Release|x64
		{164300F1-0BA0-44E9-A0D1-D3684BA61DA0}.Debug|x64.ActiveCfg = Debug|x64
		{164300F1-0BA0-44E9-A0D1-D3684BA61DA0}.Debug|x64.Build.0 = Debug|x64
		{164300F1-0BA0-44E9-A0D1-D3684BA61DA0}.Release|x64.ActiveCfg = Release|x64
		{164300F1-0BA0-44E9-A0D1-D3684BA61DA0}.Release|x64.Build.0 = Release|x64
		{A7CCA5DC-C34C-4574-BAF3-BCC2DEF867BA}.Debug|x64.ActiveCfg = Debug|x64
		{A7CCA5DC-C34C-4574-BAF3-BCC2DEF867BA}.Debug|x64.Build.0 = Debug|x64
		{A7CCA5DC-C34C-4574-BAF3-BCC2DEF867BA}.Release|x64.ActiveCfg = Release|x64
		{A7CCA5DC-C34C-4574-BAF3-BCC2DEF867BA}.Release|x64.Build.0 = Release|x64
		{860F4BA1-27C0-4F6E-AA2B-6126837F9681}.Debug|x64.ActiveCfg = Debug|x64
		{860F4BA1-27C0-4F6E-AA2B-6126837F9681}.Debug|x64.Build.0 = Debug|x64
		{860F4BA1-27C0-4F6E-AA2B-6126837F9681}.Release|x64.ActiveCfg = Release|x64
		{860F4BA1-27C0-4F6E-AA2B-6126837F9681}.Release|x64.Build.0 = Release|x64
		{EABE5E80-A35F-4D1B-A707-F09BF2727B24}.Debug|x64.ActiveCfg = Debug|x64
		{EABE5E80-A35F-4D1B-A707-F09BF2727B24}.Debug|x64.Build.0 = Debug|x64
		{EABE5E80-A35F-4D1B-A707-F09BF2727B24}.Release|x64.ActiveCfg = Release|x64
		{EABE5E80-A35F-4D1B-A707-F09BF2727B24}.Release|x64.Build.0 = Release|x64
		{71D081C7-4344-4579-8E36-C38E382EAADC}.Debug|x64.ActiveCfg = Debug|x64
		{71D081C7-4344-4579-8E36-C38E382EAADC}.Debug|x64.Build.0 = Debug|x64
		{71D081C7-4344-4579-8E36-C38E382EAADC}.Release|x64.ActiveCfg = Release|x64
		{71D081C7-4344-4579-8E36-C38E382EAADC}.Release|x64.Build.0 = Release|x64
		{A848C72E-3109-47F7-951F-95E11C2A2D15}.Debug|x64.ActiveCfg = Debug|x64
		{A848C72E-3109-47F7-951F-95E11C2A2D15}.Debug|x64.Build.0 = Debug|x64
		{A848C72E-3109-47F7-951F-95E11C2A2D15}.Release|x64.ActiveCfg = Release|x64
		{A848C72E-3109-47F7-951F-95E11C2A2D15}.Release|x64.Build.0 = Release|x64
		{29C97A82-2B59-4B8C-8E9E-855651D9E053}.Debug|x64.ActiveCfg = Debug|x64
		{29C97A82-2B59-4B8C-8E9E-855651D9E053}.Release|x64.ActiveCfg = Release|x64
		{24D2C797-868A-4F25-A629-F7F84ED020F6}.Debug|x64.ActiveCfg = Debug|x64
		{24D2C797-868A-4F25-A629-F7F84ED020F6}.Debug|x64.Build.0 = Debug|x64
		{24D2C797-868A-4F25-A629-F7F84ED020F6}.Release|x64.ActiveCfg = Release|x64
		{24D2C797-868A-4F25-A629-F7F84ED020F6}.Release|x64.Build.0 = Release|x64
		{3F7A0690-AB7B-489D-A96C-A441E9DF465E}.Debug|x64.ActiveCfg = Debug|x64
		{3F7A0690-AB7B-489D-A96C-A441E9DF465E}.Release|x64.ActiveCfg = Release|x64
		{B72A7CBA-05B9-41B3-9431-C295587F52B2}.Debug|x64.ActiveCfg = Debug|x64
		{B72A7CBA-05B9-41B3-9431-C295587F52B2}.Debug|x64.Build.0 = Debug|x64
		{B72A7CBA-05B9-41B3-9431-C295587F52B2}.Release|x64.ActiveCfg = Release|x64
		{D951FCA4-29F9-4093-9A66-910C422DADD3}.Debug|x64.ActiveCfg = Debug|x64
		{D951FCA4-29F9-4093-9A66-910C422DADD3}.Release|x64.ActiveCfg = Release|x64
		{8D6BB292-9E1C-413D-9F98-4864BDC1514A}.Debug|x64.ActiveCfg = Debug|x64
		{8D6BB292-9E1C-413D-9F98-4864BDC1514A}.Debug|x64.Build.0 = Debug|x64
		{8D6BB292-9E1C-413D-9F98-4864BDC1514A}.Release|x64.ActiveCfg = Release|x64
		{8D6BB292-9E1C-413D-9F98-4864BDC1514A}.Release|x64.Build.0 = Release|x64
	EndGlobalSection
	GlobalSection(SolutionProperties) = preSolution
		HideSolutionNode = FALSE
	EndGlobalSection
	GlobalSection(ExtensibilityGlobals) = postSolution
		SolutionGuid = {9C4A94C2-07AB-495A-A855-202307FD18B0}
	EndGlobalSection
EndGlobal
